#MicroXplorer Configuration settings - do not modify
File.Version=5
KeepUserPlacement=false
Mcu.Family=STM32F4
Mcu.IP0=FSMC
Mcu.IP1=NVIC
Mcu.IP2=RCC
Mcu.IP3=SDIO
Mcu.IP4=SPI1
Mcu.IP5=SYS
Mcu.IP6=USART1
Mcu.IP7=USART6
Mcu.IP8=USB_OTG_FS
Mcu.IP9=WWDG
Mcu.IPNb=10
Mcu.Name=STM32F407V(E-G)Tx
Mcu.Package=LQFP100
Mcu.Pin0=PC14-OSC32_IN
Mcu.Pin1=PC15-OSC32_OUT
Mcu.Pin10=PA6
Mcu.Pin11=PA7
Mcu.Pin12=PE7
Mcu.Pin13=PE8
Mcu.Pin14=PE9
Mcu.Pin15=PE10
Mcu.Pin16=PD11
Mcu.Pin17=PD14
Mcu.Pin18=PD15
Mcu.Pin19=PC6
Mcu.Pin2=PH0-OSC_IN
Mcu.Pin20=PC7
Mcu.Pin21=PC8
Mcu.Pin22=PC9
Mcu.Pin23=PA9
Mcu.Pin24=PA10
Mcu.Pin25=PA11
Mcu.Pin26=PA12
Mcu.Pin27=PA13
Mcu.Pin28=PA14
Mcu.Pin29=PC10
Mcu.Pin3=PH1-OSC_OUT
Mcu.Pin30=PC11
Mcu.Pin31=PC12
Mcu.Pin32=PD0
Mcu.Pin33=PD1
Mcu.Pin34=PD2
Mcu.Pin35=PD4
Mcu.Pin36=PD5
Mcu.Pin37=PD7
Mcu.Pin38=PB6
Mcu.Pin39=PB7
Mcu.Pin4=PA0-WKUP
Mcu.Pin40=VP_WWDG_VS_WWDG
Mcu.Pin5=PA1
Mcu.Pin6=PA2
Mcu.Pin7=PA3
Mcu.Pin8=PA4
Mcu.Pin9=PA5
Mcu.PinsNb=41
Mcu.UserConstants=
Mcu.UserName=STM32F407VETx
MxCube.Version=4.10.0
MxDb.Version=DB.4.0.100
NVIC.PriorityGroup=NVIC_PRIORITYGROUP_4
NVIC.SysTick_IRQn=true\:0\:0\:false
PA0-WKUP.Locked=true
PA0-WKUP.Signal=S_TIM2_CH1_ETR
PA1.Locked=true
PA1.Signal=S_TIM2_CH2
PA10.Mode=OTG/Dual_Role_Device
PA10.Signal=USB_OTG_FS_ID
PA11.Mode=OTG/Dual_Role_Device
PA11.Signal=USB_OTG_FS_DM
PA12.Mode=OTG/Dual_Role_Device
PA12.Signal=USB_OTG_FS_DP
PA13.Locked=true
PA13.Mode=Serial-Wire
PA13.Signal=SYS_JTMS-SWDIO
PA14.Locked=true
PA14.Mode=Serial-Wire
PA14.Signal=SYS_JTCK-SWCLK
PA2.Locked=true
PA2.Signal=S_TIM2_CH3
PA3.Locked=true
PA3.Signal=S_TIM2_CH4
PA4.Mode=NSS_Signal_Hard
PA4.Signal=SPI1_NSS
PA5.Mode=Full_Duplex_Master
PA5.Signal=SPI1_SCK
PA6.GPIOParameters=GPIO_Label
PA6.GPIO_Label=CC_MISO
PA6.Mode=Full_Duplex_Master
PA6.Signal=SPI1_MISO
PA7.Mode=Full_Duplex_Master
PA7.Signal=SPI1_MOSI
PA9.Mode=Activate_VBUS
PA9.Signal=USB_OTG_FS_VBUS
PB6.GPIOParameters=GPIO_Label
PB6.GPIO_Label=CC3100_TX
PB6.Mode=Asynchronous
PB6.Signal=USART1_TX
PB7.GPIOParameters=GPIO_Label
PB7.GPIO_Label=CC3100_RX
PB7.Mode=Asynchronous
PB7.Signal=USART1_RX
PC10.Mode=SD_4_bits_Wide_bus
PC10.Signal=SDIO_D2
PC11.Mode=SD_4_bits_Wide_bus
PC11.Signal=SDIO_D3
PC12.Mode=SD_4_bits_Wide_bus
PC12.Signal=SDIO_CK
PC14-OSC32_IN.Mode=LSE-External-Oscillator
PC14-OSC32_IN.Signal=RCC_OSC32_IN
PC15-OSC32_OUT.Mode=LSE-External-Oscillator
PC15-OSC32_OUT.Signal=RCC_OSC32_OUT
PC6.Mode=Asynchronous
PC6.Signal=USART6_TX
PC7.Mode=Asynchronous
PC7.Signal=USART6_RX
PC8.Mode=SD_4_bits_Wide_bus
PC8.Signal=SDIO_D0
PC9.Mode=SD_4_bits_Wide_bus
PC9.Signal=SDIO_D1
PCC.Checker=false
PCC.Line=STM32F407/417
PCC.MCU=STM32F407V(E-G)Tx
PCC.MXVersion=4.10.0
PCC.PartNumber=STM32F407VETx
PCC.Seq0=0
PCC.Series=STM32F4
PCC.Temperature=25
PCC.Vdd=3.3
PD0.Mode=8b-d1
PD0.Signal=FSMC_D2
PD1.Mode=8b-d1
PD1.Signal=FSMC_D3
PD11.Mode=A16_1
PD11.Signal=FSMC_A16
PD14.Mode=8b-d1
PD14.Signal=FSMC_D0
PD15.Mode=8b-d1
PD15.Signal=FSMC_D1
PD2.Mode=SD_4_bits_Wide_bus
PD2.Signal=SDIO_CMD
PD4.Mode=Lcd1
PD4.Signal=FSMC_NOE
PD5.Mode=Lcd1
PD5.Signal=FSMC_NWE
PD7.Mode=NorPsramChipSelect1_1
PD7.Signal=FSMC_NE1
PE10.Mode=8b-d1
PE10.Signal=FSMC_D7
PE7.Mode=8b-d1
PE7.Signal=FSMC_D4
PE8.Mode=8b-d1
PE8.Signal=FSMC_D5
PE9.Mode=8b-d1
PE9.Signal=FSMC_D6
PH0-OSC_IN.Mode=HSE-External-Oscillator
PH0-OSC_IN.Signal=RCC_OSC_IN
PH1-OSC_OUT.Mode=HSE-External-Oscillator
PH1-OSC_OUT.Signal=RCC_OSC_OUT
RCC.48MHZClocksFreq_Value=50000000
RCC.AHBFreq_Value=16000000
RCC.APB1Freq_Value=16000000
RCC.APB2Freq_Value=16000000
RCC.CortexFreq_Value=16000000
RCC.FamilyName=M
RCC.HSE_VALUE=25000000
RCC.HSI_VALUE=16000000
RCC.I2SClocksFreq_Value=150000000
RCC.IPParameters=FamilyName,HSI_VALUE,VCOInputFreq_Value,VCOOutputFreq_Value,PLLCLKFreq_Value,PLLQCLKFreq_Value,VCOI2SOutputFreq_Value,VcooutputI2S,HSE_VALUE,RTCHSEDivFreq_Value,SYSCLKFreq_VALUE,AHBFreq_Value,CortexFreq_Value,APB1Freq_Value,APB2Freq_Value,I2SClocksFreq_Value,LSI_VALUE,RTCFreq_Value,48MHZClocksFreq_Value,PLLQ
RCC.LSI_VALUE=32000
RCC.PLLCLKFreq_Value=150000000
RCC.PLLQ=6
RCC.PLLQCLKFreq_Value=50000000
RCC.RTCFreq_Value=32000
RCC.RTCHSEDivFreq_Value=12500000
RCC.SYSCLKFreq_VALUE=16000000
RCC.VCOI2SOutputFreq_Value=300000000
RCC.VCOInputFreq_Value=1562500
RCC.VCOOutputFreq_Value=300000000
RCC.VcooutputI2S=150000000
SDIO.BusWide=SDIO_BUS_WIDE_1B
SDIO.IPParameters=BusWide,WideMode
SDIO.WideMode=SDIO_BUS_WIDE_4B
SH.S_TIM2_CH1_ETR.0=TIM2_CH1
SH.S_TIM2_CH1_ETR.ConfNb=1
SH.S_TIM2_CH2.0=TIM2_CH2
SH.S_TIM2_CH2.ConfNb=1
SH.S_TIM2_CH3.0=TIM2_CH3
SH.S_TIM2_CH3.ConfNb=1
SH.S_TIM2_CH4.0=TIM2_CH4
SH.S_TIM2_CH4.ConfNb=1
SPI1.CalculateBaudRate=8.0 MBits/s
SPI1.IPParameters=Mode,CalculateBaudRate,VirtualNSS
SPI1.Mode=SPI_MODE_MASTER
SPI1.VirtualNSS=VM_NSSHARD
VP_WWDG_VS_WWDG.Mode=WWDG_Activate
VP_WWDG_VS_WWDG.Signal=WWDG_VS_WWDG
